{
  "name": "js",
  "lockfileVersion": 2,
  "requires": true,
  "packages": {
    "": {
      "dependencies": {
        "webdav.client": "^5.21.5886"
      }
    },
    "node_modules/webdav.client": {
      "version": "5.21.5886",
      "resolved": "https://registry.npmjs.org/webdav.client/-/webdav.client-5.21.5886.tgz",
      "integrity": "sha512-Y3DI+Xzqa29Dx7cb7mtawJ+7qQhJC/mvH6JSo/FuWOJ4CW49SnrOs1oQ2EpB/70A+xYfSaKNNjJBQ7hCoWP6Hw=="
    }
  },
  "dependencies": {
    "webdav.client": {
      "version": "5.21.5886",
      "resolved": "https://registry.npmjs.org/webdav.client/-/webdav.client-5.21.5886.tgz",
      "integrity": "sha512-Y3DI+Xzqa29Dx7cb7mtawJ+7qQhJC/mvH6JSo/FuWOJ4CW49SnrOs1oQ2EpB/70A+xYfSaKNNjJBQ7hCoWP6Hw=="
    }
  }
}
